
Microsoft Visual Studio Solution File, Format Version 12.00
# Visual Studio Version 16
VisualStudioVersion = 16.0.31005.135
MinimumVisualStudioVersion = 10.0.40219.1
Project("{FAE04EC0-301F-11D3-BF4B-00C04F79EFBC}") = "ProjetoFinal", "ProjetoFinal.csproj", "{0BC4E3B1-60FD-4FDA-83D6-715D3C1A4DBF}"
EndProject
Global
	GlobalSection(SolutionConfigurationPlatforms) = preSolution
		Debug|Any CPU = Debug|Any CPU
		Release|Any CPU = Release|Any CPU
	EndGlobalSection
	GlobalSection(ProjectConfigurationPlatforms) = postSolution
		{0BC4E3B1-60FD-4FDA-83D6-715D3C1A4DBF}.Debug|Any CPU.ActiveCfg = Debug|Any CPU
		{0BC4E3B1-60FD-4FDA-83D6-715D3C1A4DBF}.Debug|Any CPU.Build.0 = Debug|Any CPU
		{0BC4E3B1-60FD-4FDA-83D6-715D3C1A4DBF}.Release|Any CPU.ActiveCfg = Release|Any CPU
		{0BC4E3B1-60FD-4FDA-83D6-715D3C1A4DBF}.Release|Any CPU.Build.0 = Release|Any CPU
	EndGlobalSection
	GlobalSection(SolutionProperties) = preSolution
		HideSolutionNode = FALSE
	EndGlobalSection
	GlobalSection(ExtensibilityGlobals) = postSolution
		SolutionGuid = {2A481814-3785-483A-8139-95FD3F8AC377}
	EndGlobalSection
EndGlobal
